
Microsoft Visual Studio Solution File, Format Version 12.00
Project("{FAE04EC0-301F-11D3-BF4B-00C04F79EFBC}") = "Problem plecakowy", "Problem plecakowy\Problem plecakowy.csproj", "{96616AF6-B0D9-4475-B01D-334C86560653}"
EndProject
Project("{FAE04EC0-301F-11D3-BF4B-00C04F79EFBC}") = "Testy", "Testy\Testy.csproj", "{0379BCC7-8FF5-4988-9999-8272782A5CA0}"
EndProject
Global
	GlobalSection(SolutionConfigurationPlatforms) = preSolution
		Debug|Any CPU = Debug|Any CPU
		Release|Any CPU = Release|Any CPU
	EndGlobalSection
	GlobalSection(ProjectConfigurationPlatforms) = postSolution
		{96616AF6-B0D9-4475-B01D-334C86560653}.Debug|Any CPU.ActiveCfg = Debug|Any CPU
		{96616AF6-B0D9-4475-B01D-334C86560653}.Debug|Any CPU.Build.0 = Debug|Any CPU
		{96616AF6-B0D9-4475-B01D-334C86560653}.Release|Any CPU.ActiveCfg = Release|Any CPU
		{96616AF6-B0D9-4475-B01D-334C86560653}.Release|Any CPU.Build.0 = Release|Any CPU
		{0379BCC7-8FF5-4988-9999-8272782A5CA0}.Debug|Any CPU.ActiveCfg = Debug|Any CPU
		{0379BCC7-8FF5-4988-9999-8272782A5CA0}.Debug|Any CPU.Build.0 = Debug|Any CPU
		{0379BCC7-8FF5-4988-9999-8272782A5CA0}.Release|Any CPU.ActiveCfg = Release|Any CPU
		{0379BCC7-8FF5-4988-9999-8272782A5CA0}.Release|Any CPU.Build.0 = Release|Any CPU
	EndGlobalSection
EndGlobal
